// !$*UTF8*$!
{
	archiveVersion = 1;
	classes = {
	};
	objectVersion = 50;
	objects = {

/* Begin PBXBuildFile section */
		3A006D46269E1474006C8F3D /* AdrianPlaygroundsApp.swift in Sources */ = {isa = PBXBuildFile; fileRef = 3A006D45269E1474006C8F3D /* AdrianPlaygroundsApp.swift */; };
		3A006D48269E1474006C8F3D /* ContentView.swift in Sources */ = {isa = PBXBuildFile; fileRef = 3A006D47269E1474006C8F3D /* ContentView.swift */; };
		3A006D4A269E1475006C8F3D /* Assets.xcassets in Resources */ = {isa = PBXBuildFile; fileRef = 3A006D49269E1475006C8F3D /* Assets.xcassets */; };
		3A006D4D269E1475006C8F3D /* Preview Assets.xcassets in Resources */ = {isa = PBXBuildFile; fileRef = 3A006D4C269E1475006C8F3D /* Preview Assets.xcassets */; };
		3A006D4F269E1475006C8F3D /* Persistence.swift in Sources */ = {isa = PBXBuildFile; fileRef = 3A006D4E269E1475006C8F3D /* Persistence.swift */; };
		3A006D52269E1475006C8F3D /* AdrianPlaygrounds.xcdatamodeld in Sources */ = {isa = PBXBuildFile; fileRef = 3A006D50269E1475006C8F3D /* AdrianPlaygrounds.xcdatamodeld */; };
		3A006D5B269E1590006C8F3D /* PaginaPrincipal.swift in Sources */ = {isa = PBXBuildFile; fileRef = 3A006D5A269E1590006C8F3D /* PaginaPrincipal.swift */; };
		3A006D5E269E15B0006C8F3D /* BastaView.swift in Sources */ = {isa = PBXBuildFile; fileRef = 3A006D5D269E15B0006C8F3D /* BastaView.swift */; };
		3A15659D269F3A7000EA9883 /* BastaModel.swift in Sources */ = {isa = PBXBuildFile; fileRef = 3A15659C269F3A7000EA9883 /* BastaModel.swift */; };
/* End PBXBuildFile section */

/* Begin PBXFileReference section */
		3A006D42269E1474006C8F3D /* AdrianPlaygrounds.app */ = {isa = PBXFileReference; explicitFileType = wrapper.application; includeInIndex = 0; path = AdrianPlaygrounds.app; sourceTree = BUILT_PRODUCTS_DIR; };
		3A006D45269E1474006C8F3D /* AdrianPlaygroundsApp.swift */ = {isa = PBXFileReference; lastKnownFileType = sourcecode.swift; path = AdrianPlaygroundsApp.swift; sourceTree = "<group>"; };
		3A006D47269E1474006C8F3D /* ContentView.swift */ = {isa = PBXFileReference; lastKnownFileType = sourcecode.swift; path = ContentView.swift; sourceTree = "<group>"; };
		3A006D49269E1475006C8F3D /* Assets.xcassets */ = {isa = PBXFileReference; lastKnownFileType = folder.assetcatalog; path = Assets.xcassets; sourceTree = "<group>"; };
		3A006D4C269E1475006C8F3D /* Preview Assets.xcassets */ = {isa = PBXFileReference; lastKnownFileType = folder.assetcatalog; path = "Preview Assets.xcassets"; sourceTree = "<group>"; };
		3A006D4E269E1475006C8F3D /* Persistence.swift */ = {isa = PBXFileReference; lastKnownFileType = sourcecode.swift; path = Persistence.swift; sourceTree = "<group>"; };
		3A006D51269E1475006C8F3D /* AdrianPlaygrounds.xcdatamodel */ = {isa = PBXFileReference; lastKnownFileType = wrapper.xcdatamodel; path = AdrianPlaygrounds.xcdatamodel; sourceTree = "<group>"; };
		3A006D53269E1475006C8F3D /* Info.plist */ = {isa = PBXFileReference; lastKnownFileType = text.plist.xml; path = Info.plist; sourceTree = "<group>"; };
		3A006D5A269E1590006C8F3D /* PaginaPrincipal.swift */ = {isa = PBXFileReference; lastKnownFileType = sourcecode.swift; path = PaginaPrincipal.swift; sourceTree = "<group>"; };
		3A006D5D269E15B0006C8F3D /* BastaView.swift */ = {isa = PBXFileReference; lastKnownFileType = sourcecode.swift; path = BastaView.swift; sourceTree = "<group>"; };
		3A15659C269F3A7000EA9883 /* BastaModel.swift */ = {isa = PBXFileReference; lastKnownFileType = sourcecode.swift; path = BastaModel.swift; sourceTree = "<group>"; };
/* End PBXFileReference section */

/* Begin PBXFrameworksBuildPhase section */
		3A006D3F269E1474006C8F3D /* Frameworks */ = {
			isa = PBXFrameworksBuildPhase;
			buildActionMask = 2147483647;
			files = (
			);
			runOnlyForDeploymentPostprocessing = 0;
		};
/* End PBXFrameworksBuildPhase section */

/* Begin PBXGroup section */
		3A006D39269E1474006C8F3D = {
			isa = PBXGroup;
			children = (
				3A006D44269E1474006C8F3D /* AdrianPlaygrounds */,
				3A006D43269E1474006C8F3D /* Products */,
			);
			sourceTree = "<group>";
		};
		3A006D43269E1474006C8F3D /* Products */ = {
			isa = PBXGroup;
			children = (
				3A006D42269E1474006C8F3D /* AdrianPlaygrounds.app */,
			);
			name = Products;
			sourceTree = "<group>";
		};
		3A006D44269E1474006C8F3D /* AdrianPlaygrounds */ = {
			isa = PBXGroup;
			children = (
				3A006D53269E1475006C8F3D /* Info.plist */,
				3A006D5C269E159F006C8F3D /* Basta */,
				3A006D59269E1505006C8F3D /* Helpers */,
				3A006D45269E1474006C8F3D /* AdrianPlaygroundsApp.swift */,
				3A006D5A269E1590006C8F3D /* PaginaPrincipal.swift */,
				3A006D4B269E1475006C8F3D /* Preview Content */,
			);
			path = AdrianPlaygrounds;
			sourceTree = "<group>";
		};
		3A006D4B269E1475006C8F3D /* Preview Content */ = {
			isa = PBXGroup;
			children = (
				3A006D4C269E1475006C8F3D /* Preview Assets.xcassets */,
			);
			path = "Preview Content";
			sourceTree = "<group>";
		};
		3A006D59269E1505006C8F3D /* Helpers */ = {
			isa = PBXGroup;
			children = (
				3A006D4E269E1475006C8F3D /* Persistence.swift */,
				3A006D47269E1474006C8F3D /* ContentView.swift */,
				3A006D49269E1475006C8F3D /* Assets.xcassets */,
				3A006D50269E1475006C8F3D /* AdrianPlaygrounds.xcdatamodeld */,
			);
			path = Helpers;
			sourceTree = "<group>";
		};
		3A006D5C269E159F006C8F3D /* Basta */ = {
			isa = PBXGroup;
			children = (
				3A006D5D269E15B0006C8F3D /* BastaView.swift */,
				3A15659C269F3A7000EA9883 /* BastaModel.swift */,
			);
			path = Basta;
			sourceTree = "<group>";
		};
/* End PBXGroup section */

/* Begin PBXNativeTarget section */
		3A006D41269E1474006C8F3D /* AdrianPlaygrounds */ = {
			isa = PBXNativeTarget;
			buildConfigurationList = 3A006D56269E1475006C8F3D /* Build configuration list for PBXNativeTarget "AdrianPlaygrounds" */;
			buildPhases = (
				3A006D3E269E1474006C8F3D /* Sources */,
				3A006D3F269E1474006C8F3D /* Frameworks */,
				3A006D40269E1474006C8F3D /* Resources */,
			);
			buildRules = (
			);
			dependencies = (
			);
			name = AdrianPlaygrounds;
			productName = AdrianPlaygrounds;
			productReference = 3A006D42269E1474006C8F3D /* AdrianPlaygrounds.app */;
			productType = "com.apple.product-type.application";
		};
/* End PBXNativeTarget section */

/* Begin PBXProject section */
		3A006D3A269E1474006C8F3D /* Project object */ = {
			isa = PBXProject;
			attributes = {
				LastSwiftUpdateCheck = 1250;
				LastUpgradeCheck = 1250;
				TargetAttributes = {
					3A006D41269E1474006C8F3D = {
						CreatedOnToolsVersion = 12.5.1;
					};
				};
			};
			buildConfigurationList = 3A006D3D269E1474006C8F3D /* Build configuration list for PBXProject "AdrianPlaygrounds" */;
			compatibilityVersion = "Xcode 9.3";
			developmentRegion = en;
			hasScannedForEncodings = 0;
			knownRegions = (
				en,
				Base,
			);
			mainGroup = 3A006D39269E1474006C8F3D;
			productRefGroup = 3A006D43269E1474006C8F3D /* Products */;
			projectDirPath = "";
			projectRoot = "";
			targets = (
				3A006D41269E1474006C8F3D /* AdrianPlaygrounds */,
			);
		};
/* End PBXProject section */

/* Begin PBXResourcesBuildPhase section */
		3A006D40269E1474006C8F3D /* Resources */ = {
			isa = PBXResourcesBuildPhase;
			buildActionMask = 2147483647;
			files = (
				3A006D4D269E1475006C8F3D /* Preview Assets.xcassets in Resources */,
				3A006D4A269E1475006C8F3D /* Assets.xcassets in Resources */,
			);
			runOnlyForDeploymentPostprocessing = 0;
		};
/* End PBXResourcesBuildPhase section */

/* Begin PBXSourcesBuildPhase section */
		3A006D3E269E1474006C8F3D /* Sources */ = {
			isa = PBXSourcesBuildPhase;
			buildActionMask = 2147483647;
			files = (
				3A006D4F269E1475006C8F3D /* Persistence.swift in Sources */,
				3A006D52269E1475006C8F3D /* AdrianPlaygrounds.xcdatamodeld in Sources */,
				3A006D48269E1474006C8F3D /* ContentView.swift in Sources */,
				3A006D46269E1474006C8F3D /* AdrianPlaygroundsApp.swift in Sources */,
				3A006D5E269E15B0006C8F3D /* BastaView.swift in Sources */,
				3A006D5B269E1590006C8F3D /* PaginaPrincipal.swift in Sources */,
				3A15659D269F3A7000EA9883 /* BastaModel.swift in Sources */,
			);
			runOnlyForDeploymentPostprocessing = 0;
		};
/* End PBXSourcesBuildPhase section */

/* Begin XCBuildConfiguration section */
		3A006D54269E1475006C8F3D /* Debug */ = {
			isa = XCBuildConfiguration;
			buildSettings = {
				ALWAYS_SEARCH_USER_PATHS = NO;
				CLANG_ANALYZER_NONNULL = YES;
				CLANG_ANALYZER_NUMBER_OBJECT_CONVERSION = YES_AGGRESSIVE;
				CLANG_CXX_LANGUAGE_STANDARD = "gnu++14";
				CLANG_CXX_LIBRARY = "libc++";
				CLANG_ENABLE_MODULES = YES;
				CLANG_ENABLE_OBJC_ARC = YES;
				CLANG_ENABLE_OBJC_WEAK = YES;
				CLANG_WARN_BLOCK_CAPTURE_AUTORELEASING = YES;
				CLANG_WARN_BOOL_CONVERSION = YES;
				CLANG_WARN_COMMA = YES;
				CLANG_WARN_CONSTANT_CONVERSION = YES;
				CLANG_WARN_DEPRECATED_OBJC_IMPLEMENTATIONS = YES;
				CLANG_WARN_DIRECT_OBJC_ISA_USAGE = YES_ERROR;
				CLANG_WARN_DOCUMENTATION_COMMENTS = YES;
				CLANG_WARN_EMPTY_BODY = YES;
				CLANG_WARN_ENUM_CONVERSION = YES;
				CLANG_WARN_INFINITE_RECURSION = YES;
				CLANG_WARN_INT_CONVERSION = YES;
				CLANG_WARN_NON_LITERAL_NULL_CONVERSION = YES;
				CLANG_WARN_OBJC_IMPLICIT_RETAIN_SELF = YES;
				CLANG_WARN_OBJC_LITERAL_CONVERSION = YES;
				CLANG_WARN_OBJC_ROOT_CLASS = YES_ERROR;
				CLANG_WARN_QUOTED_INCLUDE_IN_FRAMEWORK_HEADER = YES;
				CLANG_WARN_RANGE_LOOP_ANALYSIS = YES;
				CLANG_WARN_STRICT_PROTOTYPES = YES;
				CLANG_WARN_SUSPICIOUS_MOVE = YES;
				CLANG_WARN_UNGUARDED_AVAILABILITY = YES_AGGRESSIVE;
				CLANG_WARN_UNREACHABLE_CODE = YES;
				CLANG_WARN__DUPLICATE_METHOD_MATCH = YES;
				COPY_PHASE_STRIP = NO;
				DEBUG_INFORMATION_FORMAT = dwarf;
				ENABLE_STRICT_OBJC_MSGSEND = YES;
				ENABLE_TESTABILITY = YES;
				GCC_C_LANGUAGE_STANDARD = gnu11;
				GCC_DYNAMIC_NO_PIC = NO;
				GCC_NO_COMMON_BLOCKS = YES;
				GCC_OPTIMIZATION_LEVEL = 0;
				GCC_PREPROCESSOR_DEFINITIONS = (
					"DEBUG=1",
					"$(inherited)",
				);
				GCC_WARN_64_TO_32_BIT_CONVERSION = YES;
				GCC_WARN_ABOUT_RETURN_TYPE = YES_ERROR;
				GCC_WARN_UNDECLARED_SELECTOR = YES;
				GCC_WARN_UNINITIALIZED_AUTOS = YES_AGGRESSIVE;
				GCC_WARN_UNUSED_FUNCTION = YES;
				GCC_WARN_UNUSED_VARIABLE = YES;
				IPHONEOS_DEPLOYMENT_TARGET = 14.5;
				MTL_ENABLE_DEBUG_INFO = INCLUDE_SOURCE;
				MTL_FAST_MATH = YES;
				ONLY_ACTIVE_ARCH = YES;
				SDKROOT = iphoneos;
				SWIFT_ACTIVE_COMPILATION_CONDITIONS = DEBUG;
				SWIFT_OPTIMIZATION_LEVEL = "-Onone";
			};
			name = Debug;
		};
		3A006D55269E1475006C8F3D /* Release */ = {
			isa = XCBuildConfiguration;
			buildSettings = {
				ALWAYS_SEARCH_USER_PATHS = NO;
				CLANG_ANALYZER_NONNULL = YES;
				CLANG_ANALYZER_NUMBER_OBJECT_CONVERSION = YES_AGGRESSIVE;
				CLANG_CXX_LANGUAGE_STANDARD = "gnu++14";
				CLANG_CXX_LIBRARY = "libc++";
				CLANG_ENABLE_MODULES = YES;
				CLANG_ENABLE_OBJC_ARC = YES;
				CLANG_ENABLE_OBJC_WEAK = YES;
				CLANG_WARN_BLOCK_CAPTURE_AUTORELEASING = YES;
				CLANG_WARN_BOOL_CONVERSION = YES;
				CLANG_WARN_COMMA = YES;
				CLANG_WARN_CONSTANT_CONVERSION = YES;
				CLANG_WARN_DEPRECATED_OBJC_IMPLEMENTATIONS = YES;
				CLANG_WARN_DIRECT_OBJC_ISA_USAGE = YES_ERROR;
				CLANG_WARN_DOCUMENTATION_COMMENTS = YES;
				CLANG_WARN_EMPTY_BODY = YES;
				CLANG_WARN_ENUM_CONVERSION = YES;
				CLANG_WARN_INFINITE_RECURSION = YES;
				CLANG_WARN_INT_CONVERSION = YES;
				CLANG_WARN_NON_LITERAL_NULL_CONVERSION = YES;
				CLANG_WARN_OBJC_IMPLICIT_RETAIN_SELF = YES;
				CLANG_WARN_OBJC_LITERAL_CONVERSION = YES;
				CLANG_WARN_OBJC_ROOT_CLASS = YES_ERROR;
				CLANG_WARN_QUOTED_INCLUDE_IN_FRAMEWORK_HEADER = YES;
				CLANG_WARN_RANGE_LOOP_ANALYSIS = YES;
				CLANG_WARN_STRICT_PROTOTYPES = YES;
				CLANG_WARN_SUSPICIOUS_MOVE = YES;
				CLANG_WARN_UNGUARDED_AVAILABILITY = YES_AGGRESSIVE;
				CLANG_WARN_UNREACHABLE_CODE = YES;
				CLANG_WARN__DUPLICATE_METHOD_MATCH = YES;
				COPY_PHASE_STRIP = NO;
				DEBUG_INFORMATION_FORMAT = "dwarf-with-dsym";
				ENABLE_NS_ASSERTIONS = NO;
				ENABLE_STRICT_OBJC_MSGSEND = YES;
				GCC_C_LANGUAGE_STANDARD = gnu11;
				GCC_NO_COMMON_BLOCKS = YES;
				GCC_WARN_64_TO_32_BIT_CONVERSION = YES;
				GCC_WARN_ABOUT_RETURN_TYPE = YES_ERROR;
				GCC_WARN_UNDECLARED_SELECTOR = YES;
				GCC_WARN_UNINITIALIZED_AUTOS = YES_AGGRESSIVE;
				GCC_WARN_UNUSED_FUNCTION = YES;
				GCC_WARN_UNUSED_VARIABLE = YES;
				IPHONEOS_DEPLOYMENT_TARGET = 14.5;
				MTL_ENABLE_DEBUG_INFO = NO;
				MTL_FAST_MATH = YES;
				SDKROOT = iphoneos;
				SWIFT_COMPILATION_MODE = wholemodule;
				SWIFT_OPTIMIZATION_LEVEL = "-O";
				VALIDATE_PRODUCT = YES;
			};
			name = Release;
		};
		3A006D57269E1475006C8F3D /* Debug */ = {
			isa = XCBuildConfiguration;
			buildSettings = {
				ASSETCATALOG_COMPILER_APPICON_NAME = AppIcon;
				ASSETCATALOG_COMPILER_GLOBAL_ACCENT_COLOR_NAME = AccentColor;
				CODE_SIGN_STYLE = Automatic;
				DEVELOPMENT_ASSET_PATHS = "\"AdrianPlaygrounds/Preview Content\"";
				DEVELOPMENT_TEAM = 6SPUJN2479;
				ENABLE_PREVIEWS = YES;
				INFOPLIST_FILE = AdrianPlaygrounds/Info.plist;
				IPHONEOS_DEPLOYMENT_TARGET = 14.0;
				LD_RUNPATH_SEARCH_PATHS = (
					"$(inherited)",
					"@executable_path/Frameworks",
				);
				PRODUCT_BUNDLE_IDENTIFIER = adrian.AdrianPlaygrounds;
				PRODUCT_NAME = "$(TARGET_NAME)";
				SWIFT_VERSION = 5.0;
				TARGETED_DEVICE_FAMILY = "1,2";
			};
			name = Debug;
		};
		3A006D58269E1475006C8F3D /* Release */ = {
			isa = XCBuildConfiguration;
			buildSettings = {
				ASSETCATALOG_COMPILER_APPICON_NAME = AppIcon;
				ASSETCATALOG_COMPILER_GLOBAL_ACCENT_COLOR_NAME = AccentColor;
				CODE_SIGN_STYLE = Automatic;
				DEVELOPMENT_ASSET_PATHS = "\"AdrianPlaygrounds/Preview Content\"";
				DEVELOPMENT_TEAM = 6SPUJN2479;
				ENABLE_PREVIEWS = YES;
				INFOPLIST_FILE = AdrianPlaygrounds/Info.plist;
				IPHONEOS_DEPLOYMENT_TARGET = 14.0;
				LD_RUNPATH_SEARCH_PATHS = (
					"$(inherited)",
					"@executable_path/Frameworks",
				);
				PRODUCT_BUNDLE_IDENTIFIER = adrian.AdrianPlaygrounds;
				PRODUCT_NAME = "$(TARGET_NAME)";
				SWIFT_VERSION = 5.0;
				TARGETED_DEVICE_FAMILY = "1,2";
			};
			name = Release;
		};
/* End XCBuildConfiguration section */

/* Begin XCConfigurationList section */
		3A006D3D269E1474006C8F3D /* Build configuration list for PBXProject "AdrianPlaygrounds" */ = {
			isa = XCConfigurationList;
			buildConfigurations = (
				3A006D54269E1475006C8F3D /* Debug */,
				3A006D55269E1475006C8F3D /* Release */,
			);
			defaultConfigurationIsVisible = 0;
			defaultConfigurationName = Release;
		};
		3A006D56269E1475006C8F3D /* Build configuration list for PBXNativeTarget "AdrianPlaygrounds" */ = {
			isa = XCConfigurationList;
			buildConfigurations = (
				3A006D57269E1475006C8F3D /* Debug */,
				3A006D58269E1475006C8F3D /* Release */,
			);
			defaultConfigurationIsVisible = 0;
			defaultConfigurationName = Release;
		};
/* End XCConfigurationList section */

/* Begin XCVersionGroup section */
		3A006D50269E1475006C8F3D /* AdrianPlaygrounds.xcdatamodeld */ = {
			isa = XCVersionGroup;
			children = (
				3A006D51269E1475006C8F3D /* AdrianPlaygrounds.xcdatamodel */,
			);
			currentVersion = 3A006D51269E1475006C8F3D /* AdrianPlaygrounds.xcdatamodel */;
			path = AdrianPlaygrounds.xcdatamodeld;
			sourceTree = "<group>";
			versionGroupType = wrapper.xcdatamodel;
		};
/* End XCVersionGroup section */
	};
	rootObject = 3A006D3A269E1474006C8F3D /* Project object */;
}
