// !$*UTF8*$!
{
	archiveVersion = 1;
	classes = {
	};
	objectVersion = 50;
	objects = {

/* Begin PBXBuildFile section */
		3A006D46269E1474006C8F3D /* AdrianPlaygroundsApp.swift in Sources */ = {isa = PBXBuildFile; fileRef = 3A006D45269E1474006C8F3D /* AdrianPlaygroundsApp.swift */; };
		3A006D48269E1474006C8F3D /* ContentView.swift in Sources */ = {isa = PBXBuildFile; fileRef = 3A006D47269E1474006C8F3D /* ContentView.swift */; };
		3A006D4A269E1475006C8F3D /* Assets.xcassets in Resources */ = {isa = PBXBuildFile; fileRef = 3A006D49269E1475006C8F3D /* Assets.xcassets */; };
		3A006D4D269E1475006C8F3D /* Preview Assets.xcassets in Resources */ = {isa = PBXBuildFile; fileRef = 3A006D4C269E1475006C8F3D /* Preview Assets.xcassets */; };
		3A006D4F269E1475006C8F3D /* Persistence.swift in Sources */ = {isa = PBXBuildFile; fileRef = 3A006D4E269E1475006C8F3D /* Persistence.swift */; };
		3A006D52269E1475006C8F3D /* AdrianPlaygrounds.xcdatamodeld in Sources */ = {isa = PBXBuildFile; fileRef = 3A006D50269E1475006C8F3D /* AdrianPlaygrounds.xcdatamodeld */; };
		3A006D5B269E1590006C8F3D /* PaginaPrincipal.swift in Sources */ = {isa = PBXBuildFile; fileRef = 3A006D5A269E1590006C8F3D /* PaginaPrincipal.swift */; };
		3A006D5E269E15B0006C8F3D /* BastaView.swift in Sources */ = {isa = PBXBuildFile; fileRef = 3A006D5D269E15B0006C8F3D /* BastaView.swift */; };
		3A03F057270CF85900B1F57E /* ObservaLasFigurasViewModel.swift in Sources */ = {isa = PBXBuildFile; fileRef = 3A03F056270CF85900B1F57E /* ObservaLasFigurasViewModel.swift */; };
		3A06092E26ADC2C8005F5488 /* PiedraPapelModel.swift in Sources */ = {isa = PBXBuildFile; fileRef = 3A06092D26ADC2C8005F5488 /* PiedraPapelModel.swift */; };
		3A06093026ADC2D5005F5488 /* PiedraPapelView.swift in Sources */ = {isa = PBXBuildFile; fileRef = 3A06092F26ADC2D5005F5488 /* PiedraPapelView.swift */; };
		3A07DB15274D5E5D0025BCB9 /* BlackJackModel.swift in Sources */ = {isa = PBXBuildFile; fileRef = 3A07DB14274D5E5D0025BCB9 /* BlackJackModel.swift */; };
		3A07DB17274D7EB70025BCB9 /* CardView.swift in Sources */ = {isa = PBXBuildFile; fileRef = 3A07DB16274D7EB70025BCB9 /* CardView.swift */; };
		3A15659D269F3A7000EA9883 /* BastaModel.swift in Sources */ = {isa = PBXBuildFile; fileRef = 3A15659C269F3A7000EA9883 /* BastaModel.swift */; };
		3A1565A0269F458F00EA9883 /* DNIView.swift in Sources */ = {isa = PBXBuildFile; fileRef = 3A15659F269F458F00EA9883 /* DNIView.swift */; };
		3A1565A2269F45C600EA9883 /* DNIModel.swift in Sources */ = {isa = PBXBuildFile; fileRef = 3A1565A1269F45C600EA9883 /* DNIModel.swift */; };
		3A19A20C27064BFC0060AA1A /* Generales.swift in Sources */ = {isa = PBXBuildFile; fileRef = 3A19A20B27064BFC0060AA1A /* Generales.swift */; };
		3A607B6226A21D1D0050BE80 /* tips.json in Resources */ = {isa = PBXBuildFile; fileRef = 3A607B6126A21D1D0050BE80 /* tips.json */; };
		3A6AD8E126C1418200EAA5DF /* MasterMindView.swift in Sources */ = {isa = PBXBuildFile; fileRef = 3A6AD8E026C1418200EAA5DF /* MasterMindView.swift */; };
		3A6AD8E326C1418D00EAA5DF /* MasterMindModel.swift in Sources */ = {isa = PBXBuildFile; fileRef = 3A6AD8E226C1418D00EAA5DF /* MasterMindModel.swift */; };
		3A6AD8E526C1419900EAA5DF /* MasterMindViewModel.swift in Sources */ = {isa = PBXBuildFile; fileRef = 3A6AD8E426C1419900EAA5DF /* MasterMindViewModel.swift */; };
		3A8F93752718349B003C699C /* SinFigurasView.swift in Sources */ = {isa = PBXBuildFile; fileRef = 3A8F93742718349B003C699C /* SinFigurasView.swift */; };
		3A8FF16A272176A00076F23E /* CuadradoGrid.swift in Sources */ = {isa = PBXBuildFile; fileRef = 3A8FF169272176A00076F23E /* CuadradoGrid.swift */; };
		3AE6467126A0CF190042D283 /* AhorcadoView.swift in Sources */ = {isa = PBXBuildFile; fileRef = 3AE6467026A0CF190042D283 /* AhorcadoView.swift */; };
		3AE6467326A0CFEB0042D283 /* AhorcadoModel.swift in Sources */ = {isa = PBXBuildFile; fileRef = 3AE6467226A0CFEB0042D283 /* AhorcadoModel.swift */; };
		3AE6D64C26B8446400819C51 /* GastaFortunasView.swift in Sources */ = {isa = PBXBuildFile; fileRef = 3AE6D64B26B8446400819C51 /* GastaFortunasView.swift */; };
		3AE6D64E26B8447000819C51 /* Catalogo.swift in Sources */ = {isa = PBXBuildFile; fileRef = 3AE6D64D26B8447000819C51 /* Catalogo.swift */; };
		3AE6D65026B8452500819C51 /* Catalogo.json in Resources */ = {isa = PBXBuildFile; fileRef = 3AE6D64F26B8452500819C51 /* Catalogo.json */; };
		3AE6D65226B8456B00819C51 /* articulo.swift in Sources */ = {isa = PBXBuildFile; fileRef = 3AE6D65126B8456B00819C51 /* articulo.swift */; };
		3AE6D65426B847BA00819C51 /* articuloView.swift in Sources */ = {isa = PBXBuildFile; fileRef = 3AE6D65326B847BA00819C51 /* articuloView.swift */; };
		3AE6D65826B85C5600819C51 /* GastaFortunasModel.swift in Sources */ = {isa = PBXBuildFile; fileRef = 3AE6D65726B85C5600819C51 /* GastaFortunasModel.swift */; };
		3AE99FCE2758E67D00529BBC /* finPartida.wav in Resources */ = {isa = PBXBuildFile; fileRef = 3AE99FCC2758E67D00529BBC /* finPartida.wav */; };
		3AE99FCF2758E67D00529BBC /* dameCarta.wav in Resources */ = {isa = PBXBuildFile; fileRef = 3AE99FCD2758E67D00529BBC /* dameCarta.wav */; };
		3AEDD088270E095B00BCB24D /* FiguraView2.swift in Sources */ = {isa = PBXBuildFile; fileRef = 3AEDD087270E095B00BCB24D /* FiguraView2.swift */; };
		3AEDD08A270E518E00BCB24D /* FiguraView.swift in Sources */ = {isa = PBXBuildFile; fileRef = 3AEDD089270E518E00BCB24D /* FiguraView.swift */; };
		3AEF01552708913D00A8C2D7 /* PruebaView.swift in Sources */ = {isa = PBXBuildFile; fileRef = 3AEF01542708913D00A8C2D7 /* PruebaView.swift */; };
		3AEF015C2708BE9600A8C2D7 /* SumaRestaMultiplicaView.swift in Sources */ = {isa = PBXBuildFile; fileRef = 3AEF015B2708BE9600A8C2D7 /* SumaRestaMultiplicaView.swift */; };
		3AEF015E2708BEAA00A8C2D7 /* ObservaLasFiguras.swift in Sources */ = {isa = PBXBuildFile; fileRef = 3AEF015D2708BEAA00A8C2D7 /* ObservaLasFiguras.swift */; };
		3AEF01602708BEB900A8C2D7 /* SeriesDeNumerosView.swift in Sources */ = {isa = PBXBuildFile; fileRef = 3AEF015F2708BEB900A8C2D7 /* SeriesDeNumerosView.swift */; };
		3AEF01622708BEC900A8C2D7 /* BlackJackView.swift in Sources */ = {isa = PBXBuildFile; fileRef = 3AEF01612708BEC900A8C2D7 /* BlackJackView.swift */; };
		3AEF01642708BEE500A8C2D7 /* SumaLosDadosView.swift in Sources */ = {isa = PBXBuildFile; fileRef = 3AEF01632708BEE500A8C2D7 /* SumaLosDadosView.swift */; };
		3AEF01662708BEF700A8C2D7 /* CuadradoMagicoView.swift in Sources */ = {isa = PBXBuildFile; fileRef = 3AEF01652708BEF700A8C2D7 /* CuadradoMagicoView.swift */; };
		3AEF01692708BFDA00A8C2D7 /* AjustesView.swift in Sources */ = {isa = PBXBuildFile; fileRef = 3AEF01682708BFDA00A8C2D7 /* AjustesView.swift */; };
		3AEFE39627098B6E0079A624 /* SumaRestaMultiplicaModel.swift in Sources */ = {isa = PBXBuildFile; fileRef = 3AEFE39527098B6E0079A624 /* SumaRestaMultiplicaModel.swift */; };
		3AF1523B26FBD9E6009499C6 /* Categorias2View.swift in Sources */ = {isa = PBXBuildFile; fileRef = 3AF1523A26FBD9E6009499C6 /* Categorias2View.swift */; };
		3AF38AB326AF016900E66CD3 /* PiedraPapelCircle.swift in Sources */ = {isa = PBXBuildFile; fileRef = 3AF38AB226AF016900E66CD3 /* PiedraPapelCircle.swift */; };
		3AF460F1270274630083CA8E /* Banderas.swift in Sources */ = {isa = PBXBuildFile; fileRef = 3AF460F0270274630083CA8E /* Banderas.swift */; };
		3AF460F3270274890083CA8E /* RespuestaView.swift in Sources */ = {isa = PBXBuildFile; fileRef = 3AF460F2270274890083CA8E /* RespuestaView.swift */; };
		3AF460F5270274B20083CA8E /* AdivinaLaBanderaView.swift in Sources */ = {isa = PBXBuildFile; fileRef = 3AF460F4270274B20083CA8E /* AdivinaLaBanderaView.swift */; };
		3AF460F7270274E30083CA8E /* RectanguloBandera.swift in Sources */ = {isa = PBXBuildFile; fileRef = 3AF460F6270274E30083CA8E /* RectanguloBandera.swift */; };
		3AF593C026BAEBF100FEEA51 /* CategoriasView.swift in Sources */ = {isa = PBXBuildFile; fileRef = 3AF593BF26BAEBF100FEEA51 /* CategoriasView.swift */; };
		3AF6946126F7BAF00092BFA1 /* GastarBillones.swift in Sources */ = {isa = PBXBuildFile; fileRef = 3AF6946026F7BAF00092BFA1 /* GastarBillones.swift */; };
		3AF6946326F7C3870092BFA1 /* Colores.swift in Sources */ = {isa = PBXBuildFile; fileRef = 3AF6946226F7C3870092BFA1 /* Colores.swift */; };
		3AF6946526F7CD790092BFA1 /* Fortuna.json in Resources */ = {isa = PBXBuildFile; fileRef = 3AF6946426F7CD790092BFA1 /* Fortuna.json */; };
		3AFC3D4D26C04B98003BA375 /* fotoView.swift in Sources */ = {isa = PBXBuildFile; fileRef = 3AFC3D4C26C04B98003BA375 /* fotoView.swift */; };
		3AFC3D4F26C06AF4003BA375 /* InvoiceView.swift in Sources */ = {isa = PBXBuildFile; fileRef = 3AFC3D4E26C06AF4003BA375 /* InvoiceView.swift */; };
/* End PBXBuildFile section */

/* Begin PBXFileReference section */
		3A006D42269E1474006C8F3D /* AdrianPlaygrounds.app */ = {isa = PBXFileReference; explicitFileType = wrapper.application; includeInIndex = 0; path = AdrianPlaygrounds.app; sourceTree = BUILT_PRODUCTS_DIR; };
		3A006D45269E1474006C8F3D /* AdrianPlaygroundsApp.swift */ = {isa = PBXFileReference; lastKnownFileType = sourcecode.swift; path = AdrianPlaygroundsApp.swift; sourceTree = "<group>"; };
		3A006D47269E1474006C8F3D /* ContentView.swift */ = {isa = PBXFileReference; lastKnownFileType = sourcecode.swift; path = ContentView.swift; sourceTree = "<group>"; };
		3A006D49269E1475006C8F3D /* Assets.xcassets */ = {isa = PBXFileReference; lastKnownFileType = folder.assetcatalog; path = Assets.xcassets; sourceTree = "<group>"; };
		3A006D4C269E1475006C8F3D /* Preview Assets.xcassets */ = {isa = PBXFileReference; lastKnownFileType = folder.assetcatalog; path = "Preview Assets.xcassets"; sourceTree = "<group>"; };
		3A006D4E269E1475006C8F3D /* Persistence.swift */ = {isa = PBXFileReference; lastKnownFileType = sourcecode.swift; path = Persistence.swift; sourceTree = "<group>"; };
		3A006D51269E1475006C8F3D /* AdrianPlaygrounds.xcdatamodel */ = {isa = PBXFileReference; lastKnownFileType = wrapper.xcdatamodel; path = AdrianPlaygrounds.xcdatamodel; sourceTree = "<group>"; };
		3A006D53269E1475006C8F3D /* Info.plist */ = {isa = PBXFileReference; lastKnownFileType = text.plist.xml; path = Info.plist; sourceTree = "<group>"; };
		3A006D5A269E1590006C8F3D /* PaginaPrincipal.swift */ = {isa = PBXFileReference; lastKnownFileType = sourcecode.swift; path = PaginaPrincipal.swift; sourceTree = "<group>"; };
		3A006D5D269E15B0006C8F3D /* BastaView.swift */ = {isa = PBXFileReference; lastKnownFileType = sourcecode.swift; path = BastaView.swift; sourceTree = "<group>"; };
		3A03F056270CF85900B1F57E /* ObservaLasFigurasViewModel.swift */ = {isa = PBXFileReference; lastKnownFileType = sourcecode.swift; path = ObservaLasFigurasViewModel.swift; sourceTree = "<group>"; };
		3A06092D26ADC2C8005F5488 /* PiedraPapelModel.swift */ = {isa = PBXFileReference; lastKnownFileType = sourcecode.swift; path = PiedraPapelModel.swift; sourceTree = "<group>"; };
		3A06092F26ADC2D5005F5488 /* PiedraPapelView.swift */ = {isa = PBXFileReference; lastKnownFileType = sourcecode.swift; path = PiedraPapelView.swift; sourceTree = "<group>"; };
		3A07DB14274D5E5D0025BCB9 /* BlackJackModel.swift */ = {isa = PBXFileReference; lastKnownFileType = sourcecode.swift; path = BlackJackModel.swift; sourceTree = "<group>"; };
		3A07DB16274D7EB70025BCB9 /* CardView.swift */ = {isa = PBXFileReference; lastKnownFileType = sourcecode.swift; path = CardView.swift; sourceTree = "<group>"; };
		3A15659C269F3A7000EA9883 /* BastaModel.swift */ = {isa = PBXFileReference; lastKnownFileType = sourcecode.swift; path = BastaModel.swift; sourceTree = "<group>"; };
		3A15659F269F458F00EA9883 /* DNIView.swift */ = {isa = PBXFileReference; lastKnownFileType = sourcecode.swift; path = DNIView.swift; sourceTree = "<group>"; };
		3A1565A1269F45C600EA9883 /* DNIModel.swift */ = {isa = PBXFileReference; lastKnownFileType = sourcecode.swift; path = DNIModel.swift; sourceTree = "<group>"; };
		3A19A20B27064BFC0060AA1A /* Generales.swift */ = {isa = PBXFileReference; lastKnownFileType = sourcecode.swift; path = Generales.swift; sourceTree = "<group>"; };
		3A607B6126A21D1D0050BE80 /* tips.json */ = {isa = PBXFileReference; fileEncoding = 4; lastKnownFileType = text.json; path = tips.json; sourceTree = "<group>"; };
		3A6AD8E026C1418200EAA5DF /* MasterMindView.swift */ = {isa = PBXFileReference; lastKnownFileType = sourcecode.swift; path = MasterMindView.swift; sourceTree = "<group>"; };
		3A6AD8E226C1418D00EAA5DF /* MasterMindModel.swift */ = {isa = PBXFileReference; lastKnownFileType = sourcecode.swift; path = MasterMindModel.swift; sourceTree = "<group>"; };
		3A6AD8E426C1419900EAA5DF /* MasterMindViewModel.swift */ = {isa = PBXFileReference; lastKnownFileType = sourcecode.swift; path = MasterMindViewModel.swift; sourceTree = "<group>"; };
		3A8F93742718349B003C699C /* SinFigurasView.swift */ = {isa = PBXFileReference; lastKnownFileType = sourcecode.swift; path = SinFigurasView.swift; sourceTree = "<group>"; };
		3A8FF169272176A00076F23E /* CuadradoGrid.swift */ = {isa = PBXFileReference; lastKnownFileType = sourcecode.swift; path = CuadradoGrid.swift; sourceTree = "<group>"; };
		3AE6467026A0CF190042D283 /* AhorcadoView.swift */ = {isa = PBXFileReference; lastKnownFileType = sourcecode.swift; path = AhorcadoView.swift; sourceTree = "<group>"; };
		3AE6467226A0CFEB0042D283 /* AhorcadoModel.swift */ = {isa = PBXFileReference; lastKnownFileType = sourcecode.swift; path = AhorcadoModel.swift; sourceTree = "<group>"; };
		3AE6D64B26B8446400819C51 /* GastaFortunasView.swift */ = {isa = PBXFileReference; lastKnownFileType = sourcecode.swift; path = GastaFortunasView.swift; sourceTree = "<group>"; };
		3AE6D64D26B8447000819C51 /* Catalogo.swift */ = {isa = PBXFileReference; lastKnownFileType = sourcecode.swift; path = Catalogo.swift; sourceTree = "<group>"; };
		3AE6D64F26B8452500819C51 /* Catalogo.json */ = {isa = PBXFileReference; lastKnownFileType = text.json; path = Catalogo.json; sourceTree = "<group>"; };
		3AE6D65126B8456B00819C51 /* articulo.swift */ = {isa = PBXFileReference; lastKnownFileType = sourcecode.swift; path = articulo.swift; sourceTree = "<group>"; };
		3AE6D65326B847BA00819C51 /* articuloView.swift */ = {isa = PBXFileReference; lastKnownFileType = sourcecode.swift; path = articuloView.swift; sourceTree = "<group>"; };
		3AE6D65726B85C5600819C51 /* GastaFortunasModel.swift */ = {isa = PBXFileReference; lastKnownFileType = sourcecode.swift; path = GastaFortunasModel.swift; sourceTree = "<group>"; };
		3AE99FCC2758E67D00529BBC /* finPartida.wav */ = {isa = PBXFileReference; lastKnownFileType = audio.wav; path = finPartida.wav; sourceTree = "<group>"; };
		3AE99FCD2758E67D00529BBC /* dameCarta.wav */ = {isa = PBXFileReference; lastKnownFileType = audio.wav; path = dameCarta.wav; sourceTree = "<group>"; };
		3AEDD087270E095B00BCB24D /* FiguraView2.swift */ = {isa = PBXFileReference; lastKnownFileType = sourcecode.swift; path = FiguraView2.swift; sourceTree = "<group>"; };
		3AEDD089270E518E00BCB24D /* FiguraView.swift */ = {isa = PBXFileReference; lastKnownFileType = sourcecode.swift; path = FiguraView.swift; sourceTree = "<group>"; };
		3AEF01542708913D00A8C2D7 /* PruebaView.swift */ = {isa = PBXFileReference; lastKnownFileType = sourcecode.swift; path = PruebaView.swift; sourceTree = "<group>"; };
		3AEF015B2708BE9600A8C2D7 /* SumaRestaMultiplicaView.swift */ = {isa = PBXFileReference; lastKnownFileType = sourcecode.swift; path = SumaRestaMultiplicaView.swift; sourceTree = "<group>"; };
		3AEF015D2708BEAA00A8C2D7 /* ObservaLasFiguras.swift */ = {isa = PBXFileReference; lastKnownFileType = sourcecode.swift; path = ObservaLasFiguras.swift; sourceTree = "<group>"; };
		3AEF015F2708BEB900A8C2D7 /* SeriesDeNumerosView.swift */ = {isa = PBXFileReference; lastKnownFileType = sourcecode.swift; path = SeriesDeNumerosView.swift; sourceTree = "<group>"; };
		3AEF01612708BEC900A8C2D7 /* BlackJackView.swift */ = {isa = PBXFileReference; lastKnownFileType = sourcecode.swift; path = BlackJackView.swift; sourceTree = "<group>"; };
		3AEF01632708BEE500A8C2D7 /* SumaLosDadosView.swift */ = {isa = PBXFileReference; lastKnownFileType = sourcecode.swift; path = SumaLosDadosView.swift; sourceTree = "<group>"; };
		3AEF01652708BEF700A8C2D7 /* CuadradoMagicoView.swift */ = {isa = PBXFileReference; lastKnownFileType = sourcecode.swift; path = CuadradoMagicoView.swift; sourceTree = "<group>"; };
		3AEF01682708BFDA00A8C2D7 /* AjustesView.swift */ = {isa = PBXFileReference; lastKnownFileType = sourcecode.swift; path = AjustesView.swift; sourceTree = "<group>"; };
		3AEFE39527098B6E0079A624 /* SumaRestaMultiplicaModel.swift */ = {isa = PBXFileReference; lastKnownFileType = sourcecode.swift; path = SumaRestaMultiplicaModel.swift; sourceTree = "<group>"; };
		3AF1523A26FBD9E6009499C6 /* Categorias2View.swift */ = {isa = PBXFileReference; lastKnownFileType = sourcecode.swift; path = Categorias2View.swift; sourceTree = "<group>"; };
		3AF38AB226AF016900E66CD3 /* PiedraPapelCircle.swift */ = {isa = PBXFileReference; lastKnownFileType = sourcecode.swift; path = PiedraPapelCircle.swift; sourceTree = "<group>"; };
		3AF460F0270274630083CA8E /* Banderas.swift */ = {isa = PBXFileReference; lastKnownFileType = sourcecode.swift; path = Banderas.swift; sourceTree = "<group>"; };
		3AF460F2270274890083CA8E /* RespuestaView.swift */ = {isa = PBXFileReference; lastKnownFileType = sourcecode.swift; path = RespuestaView.swift; sourceTree = "<group>"; };
		3AF460F4270274B20083CA8E /* AdivinaLaBanderaView.swift */ = {isa = PBXFileReference; lastKnownFileType = sourcecode.swift; path = AdivinaLaBanderaView.swift; sourceTree = "<group>"; };
		3AF460F6270274E30083CA8E /* RectanguloBandera.swift */ = {isa = PBXFileReference; lastKnownFileType = sourcecode.swift; path = RectanguloBandera.swift; sourceTree = "<group>"; };
		3AF593BF26BAEBF100FEEA51 /* CategoriasView.swift */ = {isa = PBXFileReference; lastKnownFileType = sourcecode.swift; path = CategoriasView.swift; sourceTree = "<group>"; };
		3AF6946026F7BAF00092BFA1 /* GastarBillones.swift */ = {isa = PBXFileReference; lastKnownFileType = sourcecode.swift; path = GastarBillones.swift; sourceTree = "<group>"; };
		3AF6946226F7C3870092BFA1 /* Colores.swift */ = {isa = PBXFileReference; lastKnownFileType = sourcecode.swift; path = Colores.swift; sourceTree = "<group>"; };
		3AF6946426F7CD790092BFA1 /* Fortuna.json */ = {isa = PBXFileReference; lastKnownFileType = text.json; path = Fortuna.json; sourceTree = "<group>"; };
		3AFC3D4C26C04B98003BA375 /* fotoView.swift */ = {isa = PBXFileReference; lastKnownFileType = sourcecode.swift; path = fotoView.swift; sourceTree = "<group>"; };
		3AFC3D4E26C06AF4003BA375 /* InvoiceView.swift */ = {isa = PBXFileReference; lastKnownFileType = sourcecode.swift; path = InvoiceView.swift; sourceTree = "<group>"; };
/* End PBXFileReference section */

/* Begin PBXFrameworksBuildPhase section */
		3A006D3F269E1474006C8F3D /* Frameworks */ = {
			isa = PBXFrameworksBuildPhase;
			buildActionMask = 2147483647;
			files = (
			);
			runOnlyForDeploymentPostprocessing = 0;
		};
/* End PBXFrameworksBuildPhase section */

/* Begin PBXGroup section */
		3A006D39269E1474006C8F3D = {
			isa = PBXGroup;
			children = (
				3A006D44269E1474006C8F3D /* AdrianPlaygrounds */,
				3A006D43269E1474006C8F3D /* Products */,
			);
			sourceTree = "<group>";
		};
		3A006D43269E1474006C8F3D /* Products */ = {
			isa = PBXGroup;
			children = (
				3A006D42269E1474006C8F3D /* AdrianPlaygrounds.app */,
			);
			name = Products;
			sourceTree = "<group>";
		};
		3A006D44269E1474006C8F3D /* AdrianPlaygrounds */ = {
			isa = PBXGroup;
			children = (
				3AEF01672708BFC800A8C2D7 /* Ajustes */,
				3AF460FD270276350083CA8E /* CuadradoMágico */,
				3AF460FC2702762D0083CA8E /* SumaLosDados */,
				3AF460FB270276230083CA8E /* BlackJack */,
				3AF460FA2702761B0083CA8E /* SeriesDeNumeros */,
				3AF460F92702760C0083CA8E /* ObservaLasFiguras */,
				3AF460F8270276030083CA8E /* SumaRestaMultiplica */,
				3AF460EF2702744B0083CA8E /* AdivinaLaBandera */,
				3A6AD8DF26C140DC00EAA5DF /* Mastermind */,
				3AF0ED7E26AF46CC00C95951 /* GastarBillones */,
				3A06092C26ADC2A6005F5488 /* PiedraPapelTijeras */,
				3AE6466F26A0CE260042D283 /* Ahorcado */,
				3A006D5C269E159F006C8F3D /* Basta */,
				3A15659E269F457700EA9883 /* DNI */,
				3A006D59269E1505006C8F3D /* Helpers */,
				3A006D45269E1474006C8F3D /* AdrianPlaygroundsApp.swift */,
				3A006D5A269E1590006C8F3D /* PaginaPrincipal.swift */,
				3A006D53269E1475006C8F3D /* Info.plist */,
				3AE99FCB2758E67D00529BBC /* sonidos */,
				3A19A20A27064BE40060AA1A /* Generales */,
				3A006D4B269E1475006C8F3D /* Preview Content */,
			);
			path = AdrianPlaygrounds;
			sourceTree = "<group>";
		};
		3A006D4B269E1475006C8F3D /* Preview Content */ = {
			isa = PBXGroup;
			children = (
				3A006D4C269E1475006C8F3D /* Preview Assets.xcassets */,
			);
			path = "Preview Content";
			sourceTree = "<group>";
		};
		3A006D59269E1505006C8F3D /* Helpers */ = {
			isa = PBXGroup;
			children = (
				3A006D4E269E1475006C8F3D /* Persistence.swift */,
				3A006D47269E1474006C8F3D /* ContentView.swift */,
				3A006D49269E1475006C8F3D /* Assets.xcassets */,
				3A006D50269E1475006C8F3D /* AdrianPlaygrounds.xcdatamodeld */,
				3AEF01542708913D00A8C2D7 /* PruebaView.swift */,
			);
			path = Helpers;
			sourceTree = "<group>";
		};
		3A006D5C269E159F006C8F3D /* Basta */ = {
			isa = PBXGroup;
			children = (
				3A006D5D269E15B0006C8F3D /* BastaView.swift */,
				3A15659C269F3A7000EA9883 /* BastaModel.swift */,
			);
			path = Basta;
			sourceTree = "<group>";
		};
		3A06092C26ADC2A6005F5488 /* PiedraPapelTijeras */ = {
			isa = PBXGroup;
			children = (
				3A06092D26ADC2C8005F5488 /* PiedraPapelModel.swift */,
				3A06092F26ADC2D5005F5488 /* PiedraPapelView.swift */,
				3AF38AB226AF016900E66CD3 /* PiedraPapelCircle.swift */,
			);
			path = PiedraPapelTijeras;
			sourceTree = "<group>";
		};
		3A15659E269F457700EA9883 /* DNI */ = {
			isa = PBXGroup;
			children = (
				3A15659F269F458F00EA9883 /* DNIView.swift */,
				3A1565A1269F45C600EA9883 /* DNIModel.swift */,
			);
			path = DNI;
			sourceTree = "<group>";
		};
		3A19A20A27064BE40060AA1A /* Generales */ = {
			isa = PBXGroup;
			children = (
				3A19A20B27064BFC0060AA1A /* Generales.swift */,
			);
			path = Generales;
			sourceTree = "<group>";
		};
		3A6AD8DF26C140DC00EAA5DF /* Mastermind */ = {
			isa = PBXGroup;
			children = (
				3A6AD8E026C1418200EAA5DF /* MasterMindView.swift */,
				3A6AD8E426C1419900EAA5DF /* MasterMindViewModel.swift */,
				3A6AD8E226C1418D00EAA5DF /* MasterMindModel.swift */,
			);
			path = Mastermind;
			sourceTree = "<group>";
		};
		3AE6466F26A0CE260042D283 /* Ahorcado */ = {
			isa = PBXGroup;
			children = (
				3AE6467026A0CF190042D283 /* AhorcadoView.swift */,
				3AE6467226A0CFEB0042D283 /* AhorcadoModel.swift */,
				3A607B6126A21D1D0050BE80 /* tips.json */,
			);
			path = Ahorcado;
			sourceTree = "<group>";
		};
		3AE6D65526B85C0700819C51 /* Views */ = {
			isa = PBXGroup;
			children = (
				3AFC3D4C26C04B98003BA375 /* fotoView.swift */,
				3AE6D65326B847BA00819C51 /* articuloView.swift */,
				3AF593BF26BAEBF100FEEA51 /* CategoriasView.swift */,
				3AFC3D4E26C06AF4003BA375 /* InvoiceView.swift */,
				3AE6D64B26B8446400819C51 /* GastaFortunasView.swift */,
				3AF6946026F7BAF00092BFA1 /* GastarBillones.swift */,
				3AF1523A26FBD9E6009499C6 /* Categorias2View.swift */,
			);
			path = Views;
			sourceTree = "<group>";
		};
		3AE6D65626B85C0F00819C51 /* Models */ = {
			isa = PBXGroup;
			children = (
				3AE6D65126B8456B00819C51 /* articulo.swift */,
				3AE6D64D26B8447000819C51 /* Catalogo.swift */,
				3AE6D65726B85C5600819C51 /* GastaFortunasModel.swift */,
				3AE6D64F26B8452500819C51 /* Catalogo.json */,
				3AF6946426F7CD790092BFA1 /* Fortuna.json */,
				3AF6946226F7C3870092BFA1 /* Colores.swift */,
			);
			path = Models;
			sourceTree = "<group>";
		};
		3AE99FCB2758E67D00529BBC /* sonidos */ = {
			isa = PBXGroup;
			children = (
				3AE99FCC2758E67D00529BBC /* finPartida.wav */,
				3AE99FCD2758E67D00529BBC /* dameCarta.wav */,
			);
			path = sonidos;
			sourceTree = SOURCE_ROOT;
		};
		3AEF01672708BFC800A8C2D7 /* Ajustes */ = {
			isa = PBXGroup;
			children = (
				3AEF01682708BFDA00A8C2D7 /* AjustesView.swift */,
			);
			path = Ajustes;
			sourceTree = "<group>";
		};
		3AF0ED7E26AF46CC00C95951 /* GastarBillones */ = {
			isa = PBXGroup;
			children = (
				3AE6D65626B85C0F00819C51 /* Models */,
				3AE6D65526B85C0700819C51 /* Views */,
			);
			path = GastarBillones;
			sourceTree = "<group>";
		};
		3AF460EF2702744B0083CA8E /* AdivinaLaBandera */ = {
			isa = PBXGroup;
			children = (
				3AF460F0270274630083CA8E /* Banderas.swift */,
				3AF460F2270274890083CA8E /* RespuestaView.swift */,
				3AF460F4270274B20083CA8E /* AdivinaLaBanderaView.swift */,
				3AF460F6270274E30083CA8E /* RectanguloBandera.swift */,
			);
			path = AdivinaLaBandera;
			sourceTree = "<group>";
		};
		3AF460F8270276030083CA8E /* SumaRestaMultiplica */ = {
			isa = PBXGroup;
			children = (
				3AEF015B2708BE9600A8C2D7 /* SumaRestaMultiplicaView.swift */,
				3AEFE39527098B6E0079A624 /* SumaRestaMultiplicaModel.swift */,
			);
			path = SumaRestaMultiplica;
			sourceTree = "<group>";
		};
		3AF460F92702760C0083CA8E /* ObservaLasFiguras */ = {
			isa = PBXGroup;
			children = (
				3AEF015D2708BEAA00A8C2D7 /* ObservaLasFiguras.swift */,
				3A03F056270CF85900B1F57E /* ObservaLasFigurasViewModel.swift */,
				3AEDD087270E095B00BCB24D /* FiguraView2.swift */,
				3AEDD089270E518E00BCB24D /* FiguraView.swift */,
				3A8F93742718349B003C699C /* SinFigurasView.swift */,
			);
			path = ObservaLasFiguras;
			sourceTree = "<group>";
		};
		3AF460FA2702761B0083CA8E /* SeriesDeNumeros */ = {
			isa = PBXGroup;
			children = (
				3AEF015F2708BEB900A8C2D7 /* SeriesDeNumerosView.swift */,
			);
			path = SeriesDeNumeros;
			sourceTree = "<group>";
		};
		3AF460FB270276230083CA8E /* BlackJack */ = {
			isa = PBXGroup;
			children = (
				3AEF01612708BEC900A8C2D7 /* BlackJackView.swift */,
				3A07DB14274D5E5D0025BCB9 /* BlackJackModel.swift */,
				3A07DB16274D7EB70025BCB9 /* CardView.swift */,
			);
			path = BlackJack;
			sourceTree = "<group>";
		};
		3AF460FC2702762D0083CA8E /* SumaLosDados */ = {
			isa = PBXGroup;
			children = (
				3AEF01632708BEE500A8C2D7 /* SumaLosDadosView.swift */,
			);
			path = SumaLosDados;
			sourceTree = "<group>";
		};
		3AF460FD270276350083CA8E /* CuadradoMágico */ = {
			isa = PBXGroup;
			children = (
				3AEF01652708BEF700A8C2D7 /* CuadradoMagicoView.swift */,
				3A8FF169272176A00076F23E /* CuadradoGrid.swift */,
			);
			name = "CuadradoMágico";
			path = "CuadradoMágico";
			sourceTree = "<group>";
		};
/* End PBXGroup section */

/* Begin PBXNativeTarget section */
		3A006D41269E1474006C8F3D /* AdrianPlaygrounds */ = {
			isa = PBXNativeTarget;
			buildConfigurationList = 3A006D56269E1475006C8F3D /* Build configuration list for PBXNativeTarget "AdrianPlaygrounds" */;
			buildPhases = (
				3A006D3E269E1474006C8F3D /* Sources */,
				3A006D3F269E1474006C8F3D /* Frameworks */,
				3A006D40269E1474006C8F3D /* Resources */,
			);
			buildRules = (
			);
			dependencies = (
			);
			name = AdrianPlaygrounds;
			productName = AdrianPlaygrounds;
			productReference = 3A006D42269E1474006C8F3D /* AdrianPlaygrounds.app */;
			productType = "com.apple.product-type.application";
		};
/* End PBXNativeTarget section */

/* Begin PBXProject section */
		3A006D3A269E1474006C8F3D /* Project object */ = {
			isa = PBXProject;
			attributes = {
				LastSwiftUpdateCheck = 1250;
				LastUpgradeCheck = 1250;
				TargetAttributes = {
					3A006D41269E1474006C8F3D = {
						CreatedOnToolsVersion = 12.5.1;
					};
				};
			};
			buildConfigurationList = 3A006D3D269E1474006C8F3D /* Build configuration list for PBXProject "AdrianPlaygrounds" */;
			compatibilityVersion = "Xcode 9.3";
			developmentRegion = en;
			hasScannedForEncodings = 0;
			knownRegions = (
				en,
				Base,
			);
			mainGroup = 3A006D39269E1474006C8F3D;
			productRefGroup = 3A006D43269E1474006C8F3D /* Products */;
			projectDirPath = "";
			projectRoot = "";
			targets = (
				3A006D41269E1474006C8F3D /* AdrianPlaygrounds */,
			);
		};
/* End PBXProject section */

/* Begin PBXResourcesBuildPhase section */
		3A006D40269E1474006C8F3D /* Resources */ = {
			isa = PBXResourcesBuildPhase;
			buildActionMask = 2147483647;
			files = (
				3AE99FCF2758E67D00529BBC /* dameCarta.wav in Resources */,
				3A006D4D269E1475006C8F3D /* Preview Assets.xcassets in Resources */,
				3AF6946526F7CD790092BFA1 /* Fortuna.json in Resources */,
				3A006D4A269E1475006C8F3D /* Assets.xcassets in Resources */,
				3A607B6226A21D1D0050BE80 /* tips.json in Resources */,
				3AE99FCE2758E67D00529BBC /* finPartida.wav in Resources */,
				3AE6D65026B8452500819C51 /* Catalogo.json in Resources */,
			);
			runOnlyForDeploymentPostprocessing = 0;
		};
/* End PBXResourcesBuildPhase section */

/* Begin PBXSourcesBuildPhase section */
		3A006D3E269E1474006C8F3D /* Sources */ = {
			isa = PBXSourcesBuildPhase;
			buildActionMask = 2147483647;
			files = (
				3AF593C026BAEBF100FEEA51 /* CategoriasView.swift in Sources */,
				3AF6946326F7C3870092BFA1 /* Colores.swift in Sources */,
				3AEF015C2708BE9600A8C2D7 /* SumaRestaMultiplicaView.swift in Sources */,
				3A006D4F269E1475006C8F3D /* Persistence.swift in Sources */,
				3A006D52269E1475006C8F3D /* AdrianPlaygrounds.xcdatamodeld in Sources */,
				3A006D48269E1474006C8F3D /* ContentView.swift in Sources */,
				3AEF01692708BFDA00A8C2D7 /* AjustesView.swift in Sources */,
				3A006D46269E1474006C8F3D /* AdrianPlaygroundsApp.swift in Sources */,
				3A006D5E269E15B0006C8F3D /* BastaView.swift in Sources */,
				3AFC3D4F26C06AF4003BA375 /* InvoiceView.swift in Sources */,
				3A06092E26ADC2C8005F5488 /* PiedraPapelModel.swift in Sources */,
				3A06093026ADC2D5005F5488 /* PiedraPapelView.swift in Sources */,
				3AEF01662708BEF700A8C2D7 /* CuadradoMagicoView.swift in Sources */,
				3AE6D65826B85C5600819C51 /* GastaFortunasModel.swift in Sources */,
				3AF460F3270274890083CA8E /* RespuestaView.swift in Sources */,
				3A6AD8E126C1418200EAA5DF /* MasterMindView.swift in Sources */,
				3AEF01552708913D00A8C2D7 /* PruebaView.swift in Sources */,
				3A1565A2269F45C600EA9883 /* DNIModel.swift in Sources */,
				3A6AD8E526C1419900EAA5DF /* MasterMindViewModel.swift in Sources */,
				3AE6467326A0CFEB0042D283 /* AhorcadoModel.swift in Sources */,
				3AF1523B26FBD9E6009499C6 /* Categorias2View.swift in Sources */,
				3A6AD8E326C1418D00EAA5DF /* MasterMindModel.swift in Sources */,
				3A03F057270CF85900B1F57E /* ObservaLasFigurasViewModel.swift in Sources */,
				3AE6D65226B8456B00819C51 /* articulo.swift in Sources */,
				3A8FF16A272176A00076F23E /* CuadradoGrid.swift in Sources */,
				3AEDD088270E095B00BCB24D /* FiguraView2.swift in Sources */,
				3AF460F7270274E30083CA8E /* RectanguloBandera.swift in Sources */,
				3AE6D64E26B8447000819C51 /* Catalogo.swift in Sources */,
				3A006D5B269E1590006C8F3D /* PaginaPrincipal.swift in Sources */,
				3A1565A0269F458F00EA9883 /* DNIView.swift in Sources */,
				3AEF01622708BEC900A8C2D7 /* BlackJackView.swift in Sources */,
				3AF460F5270274B20083CA8E /* AdivinaLaBanderaView.swift in Sources */,
				3AEF01642708BEE500A8C2D7 /* SumaLosDadosView.swift in Sources */,
				3AF6946126F7BAF00092BFA1 /* GastarBillones.swift in Sources */,
				3AEFE39627098B6E0079A624 /* SumaRestaMultiplicaModel.swift in Sources */,
				3AF38AB326AF016900E66CD3 /* PiedraPapelCircle.swift in Sources */,
				3A07DB17274D7EB70025BCB9 /* CardView.swift in Sources */,
				3AEDD08A270E518E00BCB24D /* FiguraView.swift in Sources */,
				3AE6D64C26B8446400819C51 /* GastaFortunasView.swift in Sources */,
				3A07DB15274D5E5D0025BCB9 /* BlackJackModel.swift in Sources */,
				3AF460F1270274630083CA8E /* Banderas.swift in Sources */,
				3AE6D65426B847BA00819C51 /* articuloView.swift in Sources */,
				3AFC3D4D26C04B98003BA375 /* fotoView.swift in Sources */,
				3A8F93752718349B003C699C /* SinFigurasView.swift in Sources */,
				3AEF01602708BEB900A8C2D7 /* SeriesDeNumerosView.swift in Sources */,
				3A15659D269F3A7000EA9883 /* BastaModel.swift in Sources */,
				3AEF015E2708BEAA00A8C2D7 /* ObservaLasFiguras.swift in Sources */,
				3AE6467126A0CF190042D283 /* AhorcadoView.swift in Sources */,
				3A19A20C27064BFC0060AA1A /* Generales.swift in Sources */,
			);
			runOnlyForDeploymentPostprocessing = 0;
		};
/* End PBXSourcesBuildPhase section */

/* Begin XCBuildConfiguration section */
		3A006D54269E1475006C8F3D /* Debug */ = {
			isa = XCBuildConfiguration;
			buildSettings = {
				ALWAYS_SEARCH_USER_PATHS = NO;
				CLANG_ANALYZER_NONNULL = YES;
				CLANG_ANALYZER_NUMBER_OBJECT_CONVERSION = YES_AGGRESSIVE;
				CLANG_CXX_LANGUAGE_STANDARD = "gnu++14";
				CLANG_CXX_LIBRARY = "libc++";
				CLANG_ENABLE_MODULES = YES;
				CLANG_ENABLE_OBJC_ARC = YES;
				CLANG_ENABLE_OBJC_WEAK = YES;
				CLANG_WARN_BLOCK_CAPTURE_AUTORELEASING = YES;
				CLANG_WARN_BOOL_CONVERSION = YES;
				CLANG_WARN_COMMA = YES;
				CLANG_WARN_CONSTANT_CONVERSION = YES;
				CLANG_WARN_DEPRECATED_OBJC_IMPLEMENTATIONS = YES;
				CLANG_WARN_DIRECT_OBJC_ISA_USAGE = YES_ERROR;
				CLANG_WARN_DOCUMENTATION_COMMENTS = YES;
				CLANG_WARN_EMPTY_BODY = YES;
				CLANG_WARN_ENUM_CONVERSION = YES;
				CLANG_WARN_INFINITE_RECURSION = YES;
				CLANG_WARN_INT_CONVERSION = YES;
				CLANG_WARN_NON_LITERAL_NULL_CONVERSION = YES;
				CLANG_WARN_OBJC_IMPLICIT_RETAIN_SELF = YES;
				CLANG_WARN_OBJC_LITERAL_CONVERSION = YES;
				CLANG_WARN_OBJC_ROOT_CLASS = YES_ERROR;
				CLANG_WARN_QUOTED_INCLUDE_IN_FRAMEWORK_HEADER = YES;
				CLANG_WARN_RANGE_LOOP_ANALYSIS = YES;
				CLANG_WARN_STRICT_PROTOTYPES = YES;
				CLANG_WARN_SUSPICIOUS_MOVE = YES;
				CLANG_WARN_UNGUARDED_AVAILABILITY = YES_AGGRESSIVE;
				CLANG_WARN_UNREACHABLE_CODE = YES;
				CLANG_WARN__DUPLICATE_METHOD_MATCH = YES;
				COPY_PHASE_STRIP = NO;
				DEBUG_INFORMATION_FORMAT = dwarf;
				ENABLE_STRICT_OBJC_MSGSEND = YES;
				ENABLE_TESTABILITY = YES;
				GCC_C_LANGUAGE_STANDARD = gnu11;
				GCC_DYNAMIC_NO_PIC = NO;
				GCC_NO_COMMON_BLOCKS = YES;
				GCC_OPTIMIZATION_LEVEL = 0;
				GCC_PREPROCESSOR_DEFINITIONS = (
					"DEBUG=1",
					"$(inherited)",
				);
				GCC_WARN_64_TO_32_BIT_CONVERSION = YES;
				GCC_WARN_ABOUT_RETURN_TYPE = YES_ERROR;
				GCC_WARN_UNDECLARED_SELECTOR = YES;
				GCC_WARN_UNINITIALIZED_AUTOS = YES_AGGRESSIVE;
				GCC_WARN_UNUSED_FUNCTION = YES;
				GCC_WARN_UNUSED_VARIABLE = YES;
				IPHONEOS_DEPLOYMENT_TARGET = 14.5;
				MTL_ENABLE_DEBUG_INFO = INCLUDE_SOURCE;
				MTL_FAST_MATH = YES;
				ONLY_ACTIVE_ARCH = YES;
				SDKROOT = iphoneos;
				SWIFT_ACTIVE_COMPILATION_CONDITIONS = DEBUG;
				SWIFT_OPTIMIZATION_LEVEL = "-Onone";
			};
			name = Debug;
		};
		3A006D55269E1475006C8F3D /* Release */ = {
			isa = XCBuildConfiguration;
			buildSettings = {
				ALWAYS_SEARCH_USER_PATHS = NO;
				CLANG_ANALYZER_NONNULL = YES;
				CLANG_ANALYZER_NUMBER_OBJECT_CONVERSION = YES_AGGRESSIVE;
				CLANG_CXX_LANGUAGE_STANDARD = "gnu++14";
				CLANG_CXX_LIBRARY = "libc++";
				CLANG_ENABLE_MODULES = YES;
				CLANG_ENABLE_OBJC_ARC = YES;
				CLANG_ENABLE_OBJC_WEAK = YES;
				CLANG_WARN_BLOCK_CAPTURE_AUTORELEASING = YES;
				CLANG_WARN_BOOL_CONVERSION = YES;
				CLANG_WARN_COMMA = YES;
				CLANG_WARN_CONSTANT_CONVERSION = YES;
				CLANG_WARN_DEPRECATED_OBJC_IMPLEMENTATIONS = YES;
				CLANG_WARN_DIRECT_OBJC_ISA_USAGE = YES_ERROR;
				CLANG_WARN_DOCUMENTATION_COMMENTS = YES;
				CLANG_WARN_EMPTY_BODY = YES;
				CLANG_WARN_ENUM_CONVERSION = YES;
				CLANG_WARN_INFINITE_RECURSION = YES;
				CLANG_WARN_INT_CONVERSION = YES;
				CLANG_WARN_NON_LITERAL_NULL_CONVERSION = YES;
				CLANG_WARN_OBJC_IMPLICIT_RETAIN_SELF = YES;
				CLANG_WARN_OBJC_LITERAL_CONVERSION = YES;
				CLANG_WARN_OBJC_ROOT_CLASS = YES_ERROR;
				CLANG_WARN_QUOTED_INCLUDE_IN_FRAMEWORK_HEADER = YES;
				CLANG_WARN_RANGE_LOOP_ANALYSIS = YES;
				CLANG_WARN_STRICT_PROTOTYPES = YES;
				CLANG_WARN_SUSPICIOUS_MOVE = YES;
				CLANG_WARN_UNGUARDED_AVAILABILITY = YES_AGGRESSIVE;
				CLANG_WARN_UNREACHABLE_CODE = YES;
				CLANG_WARN__DUPLICATE_METHOD_MATCH = YES;
				COPY_PHASE_STRIP = NO;
				DEBUG_INFORMATION_FORMAT = "dwarf-with-dsym";
				ENABLE_NS_ASSERTIONS = NO;
				ENABLE_STRICT_OBJC_MSGSEND = YES;
				GCC_C_LANGUAGE_STANDARD = gnu11;
				GCC_NO_COMMON_BLOCKS = YES;
				GCC_WARN_64_TO_32_BIT_CONVERSION = YES;
				GCC_WARN_ABOUT_RETURN_TYPE = YES_ERROR;
				GCC_WARN_UNDECLARED_SELECTOR = YES;
				GCC_WARN_UNINITIALIZED_AUTOS = YES_AGGRESSIVE;
				GCC_WARN_UNUSED_FUNCTION = YES;
				GCC_WARN_UNUSED_VARIABLE = YES;
				IPHONEOS_DEPLOYMENT_TARGET = 14.5;
				MTL_ENABLE_DEBUG_INFO = NO;
				MTL_FAST_MATH = YES;
				SDKROOT = iphoneos;
				SWIFT_COMPILATION_MODE = wholemodule;
				SWIFT_OPTIMIZATION_LEVEL = "-O";
				VALIDATE_PRODUCT = YES;
			};
			name = Release;
		};
		3A006D57269E1475006C8F3D /* Debug */ = {
			isa = XCBuildConfiguration;
			buildSettings = {
				ASSETCATALOG_COMPILER_APPICON_NAME = AppIcon;
				ASSETCATALOG_COMPILER_GLOBAL_ACCENT_COLOR_NAME = AccentColor;
				CODE_SIGN_STYLE = Automatic;
				DEVELOPMENT_ASSET_PATHS = "\"AdrianPlaygrounds/Preview Content\"";
				DEVELOPMENT_TEAM = 6SPUJN2479;
				ENABLE_PREVIEWS = YES;
				INFOPLIST_FILE = AdrianPlaygrounds/Info.plist;
				IPHONEOS_DEPLOYMENT_TARGET = 14.0;
				LD_RUNPATH_SEARCH_PATHS = (
					"$(inherited)",
					"@executable_path/Frameworks",
				);
				PRODUCT_BUNDLE_IDENTIFIER = adrian.AdrianPlaygrounds;
				PRODUCT_NAME = "$(TARGET_NAME)";
				SWIFT_VERSION = 5.0;
				TARGETED_DEVICE_FAMILY = "1,2";
			};
			name = Debug;
		};
		3A006D58269E1475006C8F3D /* Release */ = {
			isa = XCBuildConfiguration;
			buildSettings = {
				ASSETCATALOG_COMPILER_APPICON_NAME = AppIcon;
				ASSETCATALOG_COMPILER_GLOBAL_ACCENT_COLOR_NAME = AccentColor;
				CODE_SIGN_STYLE = Automatic;
				DEVELOPMENT_ASSET_PATHS = "\"AdrianPlaygrounds/Preview Content\"";
				DEVELOPMENT_TEAM = 6SPUJN2479;
				ENABLE_PREVIEWS = YES;
				INFOPLIST_FILE = AdrianPlaygrounds/Info.plist;
				IPHONEOS_DEPLOYMENT_TARGET = 14.0;
				LD_RUNPATH_SEARCH_PATHS = (
					"$(inherited)",
					"@executable_path/Frameworks",
				);
				PRODUCT_BUNDLE_IDENTIFIER = adrian.AdrianPlaygrounds;
				PRODUCT_NAME = "$(TARGET_NAME)";
				SWIFT_VERSION = 5.0;
				TARGETED_DEVICE_FAMILY = "1,2";
			};
			name = Release;
		};
/* End XCBuildConfiguration section */

/* Begin XCConfigurationList section */
		3A006D3D269E1474006C8F3D /* Build configuration list for PBXProject "AdrianPlaygrounds" */ = {
			isa = XCConfigurationList;
			buildConfigurations = (
				3A006D54269E1475006C8F3D /* Debug */,
				3A006D55269E1475006C8F3D /* Release */,
			);
			defaultConfigurationIsVisible = 0;
			defaultConfigurationName = Release;
		};
		3A006D56269E1475006C8F3D /* Build configuration list for PBXNativeTarget "AdrianPlaygrounds" */ = {
			isa = XCConfigurationList;
			buildConfigurations = (
				3A006D57269E1475006C8F3D /* Debug */,
				3A006D58269E1475006C8F3D /* Release */,
			);
			defaultConfigurationIsVisible = 0;
			defaultConfigurationName = Release;
		};
/* End XCConfigurationList section */

/* Begin XCVersionGroup section */
		3A006D50269E1475006C8F3D /* AdrianPlaygrounds.xcdatamodeld */ = {
			isa = XCVersionGroup;
			children = (
				3A006D51269E1475006C8F3D /* AdrianPlaygrounds.xcdatamodel */,
			);
			currentVersion = 3A006D51269E1475006C8F3D /* AdrianPlaygrounds.xcdatamodel */;
			path = AdrianPlaygrounds.xcdatamodeld;
			sourceTree = "<group>";
			versionGroupType = wrapper.xcdatamodel;
		};
/* End XCVersionGroup section */
	};
	rootObject = 3A006D3A269E1474006C8F3D /* Project object */;
}
